
Microsoft Visual Studio Solution File, Format Version 12.00
# Visual Studio Version 17
VisualStudioVersion = 17.1.32319.34
MinimumVisualStudioVersion = 10.0.40219.1
Project("{FAE04EC0-301F-11D3-BF4B-00C04F79EFBC}") = "BOL", "BOL\BOL.csproj", "{D24A70E8-0D0C-42F8-9EA3-4B195ADCD1CB}"
EndProject
Project("{FAE04EC0-301F-11D3-BF4B-00C04F79EFBC}") = "DAL", "DAL\DAL.csproj", "{7D6F8CBB-1198-4099-9712-610319506B5B}"
EndProject
Project("{FAE04EC0-301F-11D3-BF4B-00C04F79EFBC}") = "TestProject", "TestProject\TestProject.csproj", "{B79CCDCD-1C8A-4CE5-B3DF-EABCA818DD96}"
EndProject
Project("{FAE04EC0-301F-11D3-BF4B-00C04F79EFBC}") = "DBWebMVCAPP", "DBWebMVCAPP\DBWebMVCAPP.csproj", "{EA153708-26B5-4FEA-96BC-7DB3C9D848E8}"
EndProject
Project("{FAE04EC0-301F-11D3-BF4B-00C04F79EFBC}") = "BLL", "BLL\BLL.csproj", "{C4C2AEF2-9464-45F3-B6F9-EEC017ECCB45}"
EndProject
Global
	GlobalSection(SolutionConfigurationPlatforms) = preSolution
		Debug|Any CPU = Debug|Any CPU
		Release|Any CPU = Release|Any CPU
	EndGlobalSection
	GlobalSection(ProjectConfigurationPlatforms) = postSolution
		{D24A70E8-0D0C-42F8-9EA3-4B195ADCD1CB}.Debug|Any CPU.ActiveCfg = Debug|Any CPU
		{D24A70E8-0D0C-42F8-9EA3-4B195ADCD1CB}.Debug|Any CPU.Build.0 = Debug|Any CPU
		{D24A70E8-0D0C-42F8-9EA3-4B195ADCD1CB}.Release|Any CPU.ActiveCfg = Release|Any CPU
		{D24A70E8-0D0C-42F8-9EA3-4B195ADCD1CB}.Release|Any CPU.Build.0 = Release|Any CPU
		{7D6F8CBB-1198-4099-9712-610319506B5B}.Debug|Any CPU.ActiveCfg = Debug|Any CPU
		{7D6F8CBB-1198-4099-9712-610319506B5B}.Debug|Any CPU.Build.0 = Debug|Any CPU
		{7D6F8CBB-1198-4099-9712-610319506B5B}.Release|Any CPU.ActiveCfg = Release|Any CPU
		{7D6F8CBB-1198-4099-9712-610319506B5B}.Release|Any CPU.Build.0 = Release|Any CPU
		{B79CCDCD-1C8A-4CE5-B3DF-EABCA818DD96}.Debug|Any CPU.ActiveCfg = Debug|Any CPU
		{B79CCDCD-1C8A-4CE5-B3DF-EABCA818DD96}.Debug|Any CPU.Build.0 = Debug|Any CPU
		{B79CCDCD-1C8A-4CE5-B3DF-EABCA818DD96}.Release|Any CPU.ActiveCfg = Release|Any CPU
		{B79CCDCD-1C8A-4CE5-B3DF-EABCA818DD96}.Release|Any CPU.Build.0 = Release|Any CPU
		{EA153708-26B5-4FEA-96BC-7DB3C9D848E8}.Debug|Any CPU.ActiveCfg = Debug|Any CPU
		{EA153708-26B5-4FEA-96BC-7DB3C9D848E8}.Debug|Any CPU.Build.0 = Debug|Any CPU
		{EA153708-26B5-4FEA-96BC-7DB3C9D848E8}.Release|Any CPU.ActiveCfg = Release|Any CPU
		{EA153708-26B5-4FEA-96BC-7DB3C9D848E8}.Release|Any CPU.Build.0 = Release|Any CPU
		{C4C2AEF2-9464-45F3-B6F9-EEC017ECCB45}.Debug|Any CPU.ActiveCfg = Debug|Any CPU
		{C4C2AEF2-9464-45F3-B6F9-EEC017ECCB45}.Debug|Any CPU.Build.0 = Debug|Any CPU
		{C4C2AEF2-9464-45F3-B6F9-EEC017ECCB45}.Release|Any CPU.ActiveCfg = Release|Any CPU
		{C4C2AEF2-9464-45F3-B6F9-EEC017ECCB45}.Release|Any CPU.Build.0 = Release|Any CPU
	EndGlobalSection
	GlobalSection(SolutionProperties) = preSolution
		HideSolutionNode = FALSE
	EndGlobalSection
	GlobalSection(ExtensibilityGlobals) = postSolution
		SolutionGuid = {534868B3-79BC-4CD2-BF25-52D14F08D94B}
	EndGlobalSection
EndGlobal
