
Microsoft Visual Studio Solution File, Format Version 12.00
# Visual Studio Version 16
VisualStudioVersion = 16.0.32228.343
MinimumVisualStudioVersion = 10.0.40219.1
Project("{FAE04EC0-301F-11D3-BF4B-00C04F79EFBC}") = "testApp", "testApp\testApp.csproj", "{1270989E-9DD1-4158-935F-DB2F84208FC8}"
EndProject
Project("{FAE04EC0-301F-11D3-BF4B-00C04F79EFBC}") = "Library", "Library\Library.csproj", "{B2039310-A33B-4912-A899-9B8E931A6174}"
EndProject
Global
	GlobalSection(SolutionConfigurationPlatforms) = preSolution
		Debug|Any CPU = Debug|Any CPU
		Release|Any CPU = Release|Any CPU
	EndGlobalSection
	GlobalSection(ProjectConfigurationPlatforms) = postSolution
		{1270989E-9DD1-4158-935F-DB2F84208FC8}.Debug|Any CPU.ActiveCfg = Debug|Any CPU
		{1270989E-9DD1-4158-935F-DB2F84208FC8}.Debug|Any CPU.Build.0 = Debug|Any CPU
		{1270989E-9DD1-4158-935F-DB2F84208FC8}.Release|Any CPU.ActiveCfg = Release|Any CPU
		{1270989E-9DD1-4158-935F-DB2F84208FC8}.Release|Any CPU.Build.0 = Release|Any CPU
		{B2039310-A33B-4912-A899-9B8E931A6174}.Debug|Any CPU.ActiveCfg = Debug|Any CPU
		{B2039310-A33B-4912-A899-9B8E931A6174}.Debug|Any CPU.Build.0 = Debug|Any CPU
		{B2039310-A33B-4912-A899-9B8E931A6174}.Release|Any CPU.ActiveCfg = Release|Any CPU
		{B2039310-A33B-4912-A899-9B8E931A6174}.Release|Any CPU.Build.0 = Release|Any CPU
	EndGlobalSection
	GlobalSection(SolutionProperties) = preSolution
		HideSolutionNode = FALSE
	EndGlobalSection
	GlobalSection(ExtensibilityGlobals) = postSolution
		SolutionGuid = {D265F740-1C87-4DE3-89C2-849D9B037866}
	EndGlobalSection
EndGlobal
